
Microsoft Visual Studio Solution File, Format Version 12.00
# Visual Studio Version 17
VisualStudioVersion = 17.0.31903.59
MinimumVisualStudioVersion = 10.0.40219.1
Project("{FAE04EC0-301F-11D3-BF4B-00C04F79EFBC}") = "RecuperationSystem.Shared", "RecuperationSystem.Shared\RecuperationSystem.Shared.csproj", "{E177795F-B631-409C-B9DD-F314F890D404}"
EndProject
Project("{FAE04EC0-301F-11D3-BF4B-00C04F79EFBC}") = "RecuperationSystem.Desktop", "RecuperationSystem.Desktop\RecuperationSystem.Desktop.csproj", "{CE661A0D-DEB4-45ED-9755-FEADC50868DC}"
EndProject
Project("{FAE04EC0-301F-11D3-BF4B-00C04F79EFBC}") = "RecuperationSystem.Desktop.Tests", "RecuperationSystem.Desktop.Tests\RecuperationSystem.Desktop.Tests.csproj", "{CBDC0A33-4DF2-4BCA-AF8D-DA8267B13BD1}"
EndProject
Global
	GlobalSection(SolutionConfigurationPlatforms) = preSolution
		Debug|Any CPU = Debug|Any CPU
		Debug|x64 = Debug|x64
		Debug|x86 = Debug|x86
		Release|Any CPU = Release|Any CPU
		Release|x64 = Release|x64
		Release|x86 = Release|x86
	EndGlobalSection
	GlobalSection(ProjectConfigurationPlatforms) = postSolution
		{12D46957-4A50-4F5D-A943-7B48E717A277}.Debug|Any CPU.ActiveCfg = Debug|Any CPU
		{12D46957-4A50-4F5D-A943-7B48E717A277}.Debug|Any CPU.Build.0 = Debug|Any CPU
		{12D46957-4A50-4F5D-A943-7B48E717A277}.Release|Any CPU.ActiveCfg = Release|Any CPU
		{12D46957-4A50-4F5D-A943-7B48E717A277}.Release|Any CPU.Build.0 = Release|Any CPU
		{E177795F-B631-409C-B9DD-F314F890D404}.Debug|Any CPU.ActiveCfg = Debug|Any CPU
		{E177795F-B631-409C-B9DD-F314F890D404}.Debug|Any CPU.Build.0 = Debug|Any CPU
		{E177795F-B631-409C-B9DD-F314F890D404}.Debug|x64.ActiveCfg = Debug|Any CPU
		{E177795F-B631-409C-B9DD-F314F890D404}.Debug|x64.Build.0 = Debug|Any CPU
		{E177795F-B631-409C-B9DD-F314F890D404}.Debug|x86.ActiveCfg = Debug|Any CPU
		{E177795F-B631-409C-B9DD-F314F890D404}.Debug|x86.Build.0 = Debug|Any CPU
		{E177795F-B631-409C-B9DD-F314F890D404}.Release|Any CPU.ActiveCfg = Release|Any CPU
		{E177795F-B631-409C-B9DD-F314F890D404}.Release|Any CPU.Build.0 = Release|Any CPU
		{E177795F-B631-409C-B9DD-F314F890D404}.Release|x64.ActiveCfg = Release|Any CPU
		{E177795F-B631-409C-B9DD-F314F890D404}.Release|x64.Build.0 = Release|Any CPU
		{E177795F-B631-409C-B9DD-F314F890D404}.Release|x86.ActiveCfg = Release|Any CPU
		{E177795F-B631-409C-B9DD-F314F890D404}.Release|x86.Build.0 = Release|Any CPU
		{CE661A0D-DEB4-45ED-9755-FEADC50868DC}.Debug|Any CPU.ActiveCfg = Debug|Any CPU
		{CE661A0D-DEB4-45ED-9755-FEADC50868DC}.Debug|Any CPU.Build.0 = Debug|Any CPU
		{CE661A0D-DEB4-45ED-9755-FEADC50868DC}.Debug|x64.ActiveCfg = Debug|Any CPU
		{CE661A0D-DEB4-45ED-9755-FEADC50868DC}.Debug|x64.Build.0 = Debug|Any CPU
		{CE661A0D-DEB4-45ED-9755-FEADC50868DC}.Debug|x86.ActiveCfg = Debug|Any CPU
		{CE661A0D-DEB4-45ED-9755-FEADC50868DC}.Debug|x86.Build.0 = Debug|Any CPU
		{CE661A0D-DEB4-45ED-9755-FEADC50868DC}.Release|Any CPU.ActiveCfg = Release|Any CPU
		{CE661A0D-DEB4-45ED-9755-FEADC50868DC}.Release|Any CPU.Build.0 = Release|Any CPU
		{CE661A0D-DEB4-45ED-9755-FEADC50868DC}.Release|x64.ActiveCfg = Release|Any CPU
		{CE661A0D-DEB4-45ED-9755-FEADC50868DC}.Release|x64.Build.0 = Release|Any CPU
		{CE661A0D-DEB4-45ED-9755-FEADC50868DC}.Release|x86.ActiveCfg = Release|Any CPU
		{CE661A0D-DEB4-45ED-9755-FEADC50868DC}.Release|x86.Build.0 = Release|Any CPU
		{CBDC0A33-4DF2-4BCA-AF8D-DA8267B13BD1}.Debug|Any CPU.ActiveCfg = Debug|Any CPU
		{CBDC0A33-4DF2-4BCA-AF8D-DA8267B13BD1}.Debug|Any CPU.Build.0 = Debug|Any CPU
		{CBDC0A33-4DF2-4BCA-AF8D-DA8267B13BD1}.Debug|x64.ActiveCfg = Debug|Any CPU
		{CBDC0A33-4DF2-4BCA-AF8D-DA8267B13BD1}.Debug|x64.Build.0 = Debug|Any CPU
		{CBDC0A33-4DF2-4BCA-AF8D-DA8267B13BD1}.Debug|x86.ActiveCfg = Debug|Any CPU
		{CBDC0A33-4DF2-4BCA-AF8D-DA8267B13BD1}.Debug|x86.Build.0 = Debug|Any CPU
		{CBDC0A33-4DF2-4BCA-AF8D-DA8267B13BD1}.Release|Any CPU.ActiveCfg = Release|Any CPU
		{CBDC0A33-4DF2-4BCA-AF8D-DA8267B13BD1}.Release|Any CPU.Build.0 = Release|Any CPU
		{CBDC0A33-4DF2-4BCA-AF8D-DA8267B13BD1}.Release|x64.ActiveCfg = Release|Any CPU
		{CBDC0A33-4DF2-4BCA-AF8D-DA8267B13BD1}.Release|x64.Build.0 = Release|Any CPU
		{CBDC0A33-4DF2-4BCA-AF8D-DA8267B13BD1}.Release|x86.ActiveCfg = Release|Any CPU
		{CBDC0A33-4DF2-4BCA-AF8D-DA8267B13BD1}.Release|x86.Build.0 = Release|Any CPU
	EndGlobalSection
	GlobalSection(SolutionProperties) = preSolution
		HideSolutionNode = FALSE
	EndGlobalSection
EndGlobal


